// !$*UTF8*$!
{
	archiveVersion = 1;
	classes = {
	};
	objectVersion = 50;
	objects = {

/* Begin PBXBuildFile section */
		69050BD52668E64A00A2D268 /* menu.json in Resources */ = {isa = PBXBuildFile; fileRef = 69050BD42668E64A00A2D268 /* menu.json */; };
		691B8B1826342F8500415B05 /* ThirdScreen.swift in Sources */ = {isa = PBXBuildFile; fileRef = 691B8B1726342F8500415B05 /* ThirdScreen.swift */; };
		69511B6926386C9300FD2E68 /* NavigationBarView.swift in Sources */ = {isa = PBXBuildFile; fileRef = 69511B6826386C9300FD2E68 /* NavigationBarView.swift */; };
		69511B6D2638934700FD2E68 /* FourthScreen.swift in Sources */ = {isa = PBXBuildFile; fileRef = 69511B6C2638934700FD2E68 /* FourthScreen.swift */; };
		69511B72263897A000FD2E68 /* FifthScreen.swift in Sources */ = {isa = PBXBuildFile; fileRef = 69511B71263897A000FD2E68 /* FifthScreen.swift */; };
		6988E5A32684C3D60029B944 /* Storyboard.storyboard in Resources */ = {isa = PBXBuildFile; fileRef = 6988E5A22684C3D60029B944 /* Storyboard.storyboard */; };
		6988E5B22684C4520029B944 /* Nunito-ExtraBoldItalic.ttf in Resources */ = {isa = PBXBuildFile; fileRef = 6988E5A52684C4520029B944 /* Nunito-ExtraBoldItalic.ttf */; };
		6988E5B32684C4520029B944 /* Nunito-ExtraBold.ttf in Resources */ = {isa = PBXBuildFile; fileRef = 6988E5A62684C4520029B944 /* Nunito-ExtraBold.ttf */; };
		6988E5B42684C4520029B944 /* Nunito-ExtraLightItalic.ttf in Resources */ = {isa = PBXBuildFile; fileRef = 6988E5A72684C4520029B944 /* Nunito-ExtraLightItalic.ttf */; };
		6988E5B52684C4520029B944 /* Nunito-Light.ttf in Resources */ = {isa = PBXBuildFile; fileRef = 6988E5A82684C4520029B944 /* Nunito-Light.ttf */; };
		6988E5B82684C4520029B944 /* Nunito-BoldItalic.ttf in Resources */ = {isa = PBXBuildFile; fileRef = 6988E5AB2684C4520029B944 /* Nunito-BoldItalic.ttf */; };
		6988E5B92684C4520029B944 /* Nunito-Black.ttf in Resources */ = {isa = PBXBuildFile; fileRef = 6988E5AC2684C4520029B944 /* Nunito-Black.ttf */; };
		6988E5BA2684C4520029B944 /* Nunito-ExtraLight.ttf in Resources */ = {isa = PBXBuildFile; fileRef = 6988E5AD2684C4520029B944 /* Nunito-ExtraLight.ttf */; };
		6988E5BB2684C4520029B944 /* Nunito-BlackItalic.ttf in Resources */ = {isa = PBXBuildFile; fileRef = 6988E5AE2684C4520029B944 /* Nunito-BlackItalic.ttf */; };
		6988E5BC2684C4520029B944 /* OFL.txt in Resources */ = {isa = PBXBuildFile; fileRef = 6988E5AF2684C4520029B944 /* OFL.txt */; };
		6988E5BD2684C4520029B944 /* Nunito-Italic.ttf in Resources */ = {isa = PBXBuildFile; fileRef = 6988E5B02684C4520029B944 /* Nunito-Italic.ttf */; };
		6988E5BE2684C4520029B944 /* Nunito-LightItalic.ttf in Resources */ = {isa = PBXBuildFile; fileRef = 6988E5B12684C4520029B944 /* Nunito-LightItalic.ttf */; };
		69A9EA372631E513003D37E2 /* eahApp.swift in Sources */ = {isa = PBXBuildFile; fileRef = 69A9EA362631E513003D37E2 /* eahApp.swift */; };
		69A9EA3B2631E517003D37E2 /* Assets.xcassets in Resources */ = {isa = PBXBuildFile; fileRef = 69A9EA3A2631E517003D37E2 /* Assets.xcassets */; };
		69A9EA3E2631E517003D37E2 /* Preview Assets.xcassets in Resources */ = {isa = PBXBuildFile; fileRef = 69A9EA3D2631E517003D37E2 /* Preview Assets.xcassets */; };
		69A9EA472631E53A003D37E2 /* MainView.swift in Sources */ = {isa = PBXBuildFile; fileRef = 69A9EA462631E53A003D37E2 /* MainView.swift */; };
		69A9EA4B2631E551003D37E2 /* Helper.swift in Sources */ = {isa = PBXBuildFile; fileRef = 69A9EA4A2631E551003D37E2 /* Helper.swift */; };
		69A9EA502631E59D003D37E2 /* Common.swift in Sources */ = {isa = PBXBuildFile; fileRef = 69A9EA4F2631E59D003D37E2 /* Common.swift */; };
		69A9EA552631E5C6003D37E2 /* Extensions.swift in Sources */ = {isa = PBXBuildFile; fileRef = 69A9EA542631E5C6003D37E2 /* Extensions.swift */; };
		69A9EA5B2631E61D003D37E2 /* RecomendationRecipe.swift in Sources */ = {isa = PBXBuildFile; fileRef = 69A9EA5A2631E61D003D37E2 /* RecomendationRecipe.swift */; };
		69A9EA5F2631E632003D37E2 /* FirstScreen.swift in Sources */ = {isa = PBXBuildFile; fileRef = 69A9EA5E2631E632003D37E2 /* FirstScreen.swift */; };
		69A9EA632631E660003D37E2 /* SecondScreen.swift in Sources */ = {isa = PBXBuildFile; fileRef = 69A9EA622631E660003D37E2 /* SecondScreen.swift */; };
		69A9EA672631E66F003D37E2 /* ForMealPlannerBlock.swift in Sources */ = {isa = PBXBuildFile; fileRef = 69A9EA662631E66F003D37E2 /* ForMealPlannerBlock.swift */; };
		69A9EA6A2631E681003D37E2 /* ForMealPlannerFreeBlock.swift in Sources */ = {isa = PBXBuildFile; fileRef = 69A9EA692631E681003D37E2 /* ForMealPlannerFreeBlock.swift */; };
		69A9EA6E2631E6AF003D37E2 /* MealView.swift in Sources */ = {isa = PBXBuildFile; fileRef = 69A9EA6D2631E6AF003D37E2 /* MealView.swift */; };
		69A9EA722631E6D1003D37E2 /* IngridientView.swift in Sources */ = {isa = PBXBuildFile; fileRef = 69A9EA712631E6D1003D37E2 /* IngridientView.swift */; };
		69A9EA752631E771003D37E2 /* Popular.swift in Sources */ = {isa = PBXBuildFile; fileRef = 69A9EA742631E771003D37E2 /* Popular.swift */; };
		69A9EA7B2631E7AC003D37E2 /* MealPlanner.swift in Sources */ = {isa = PBXBuildFile; fileRef = 69A9EA7A2631E7AC003D37E2 /* MealPlanner.swift */; };
		69A9EA7F2631E7D3003D37E2 /* Star.swift in Sources */ = {isa = PBXBuildFile; fileRef = 69A9EA7E2631E7D3003D37E2 /* Star.swift */; };
		69A9EA832631E838003D37E2 /* ContentViewModel.swift in Sources */ = {isa = PBXBuildFile; fileRef = 69A9EA822631E838003D37E2 /* ContentViewModel.swift */; };
		69A9EA8A2631ECD1003D37E2 /* ListOfMeals1.swift in Sources */ = {isa = PBXBuildFile; fileRef = 69A9EA892631ECD1003D37E2 /* ListOfMeals1.swift */; };
		69ADFBE72641A9D300D1AE0B /* CustomNavigationView.swift in Sources */ = {isa = PBXBuildFile; fileRef = 69ADFBE62641A9D300D1AE0B /* CustomNavigationView.swift */; };
		75034F0B26921FCB00782705 /* Manrope-Regular.ttf in Resources */ = {isa = PBXBuildFile; fileRef = 75034F0A26921FCB00782705 /* Manrope-Regular.ttf */; };
		75034F0D26921FE100782705 /* Manrope-Bold.ttf in Resources */ = {isa = PBXBuildFile; fileRef = 75034F0C26921FE100782705 /* Manrope-Bold.ttf */; };
		75034F0F26921FF100782705 /* FiraSansCondensed-Regular.ttf in Resources */ = {isa = PBXBuildFile; fileRef = 75034F0E26921FF100782705 /* FiraSansCondensed-Regular.ttf */; };
		75034F112692200000782705 /* FiraSansCondensed-Bold.ttf in Resources */ = {isa = PBXBuildFile; fileRef = 75034F102692200000782705 /* FiraSansCondensed-Bold.ttf */; };
		75BFF1B726935765006C4EAB /* menu1.json in Resources */ = {isa = PBXBuildFile; fileRef = 75BFF1B626935765006C4EAB /* menu1.json */; };
		75BFF1B9269365E5006C4EAB /* MealAPI.swift in Sources */ = {isa = PBXBuildFile; fileRef = 75BFF1B8269365E5006C4EAB /* MealAPI.swift */; };
/* End PBXBuildFile section */

/* Begin PBXFileReference section */
		69050BD42668E64A00A2D268 /* menu.json */ = {isa = PBXFileReference; fileEncoding = 4; lastKnownFileType = text.json; path = menu.json; sourceTree = "<group>"; };
		691B8B1726342F8500415B05 /* ThirdScreen.swift */ = {isa = PBXFileReference; lastKnownFileType = sourcecode.swift; path = ThirdScreen.swift; sourceTree = "<group>"; };
		69511B6826386C9300FD2E68 /* NavigationBarView.swift */ = {isa = PBXFileReference; lastKnownFileType = sourcecode.swift; path = NavigationBarView.swift; sourceTree = "<group>"; };
		69511B6C2638934700FD2E68 /* FourthScreen.swift */ = {isa = PBXFileReference; lastKnownFileType = sourcecode.swift; path = FourthScreen.swift; sourceTree = "<group>"; };
		69511B71263897A000FD2E68 /* FifthScreen.swift */ = {isa = PBXFileReference; lastKnownFileType = sourcecode.swift; path = FifthScreen.swift; sourceTree = "<group>"; };
		6988E5A22684C3D60029B944 /* Storyboard.storyboard */ = {isa = PBXFileReference; lastKnownFileType = file.storyboard; path = Storyboard.storyboard; sourceTree = "<group>"; };
		6988E5A52684C4520029B944 /* Nunito-ExtraBoldItalic.ttf */ = {isa = PBXFileReference; lastKnownFileType = file; path = "Nunito-ExtraBoldItalic.ttf"; sourceTree = "<group>"; };
		6988E5A62684C4520029B944 /* Nunito-ExtraBold.ttf */ = {isa = PBXFileReference; lastKnownFileType = file; path = "Nunito-ExtraBold.ttf"; sourceTree = "<group>"; };
		6988E5A72684C4520029B944 /* Nunito-ExtraLightItalic.ttf */ = {isa = PBXFileReference; lastKnownFileType = file; path = "Nunito-ExtraLightItalic.ttf"; sourceTree = "<group>"; };
		6988E5A82684C4520029B944 /* Nunito-Light.ttf */ = {isa = PBXFileReference; lastKnownFileType = file; path = "Nunito-Light.ttf"; sourceTree = "<group>"; };
		6988E5AB2684C4520029B944 /* Nunito-BoldItalic.ttf */ = {isa = PBXFileReference; lastKnownFileType = file; path = "Nunito-BoldItalic.ttf"; sourceTree = "<group>"; };
		6988E5AC2684C4520029B944 /* Nunito-Black.ttf */ = {isa = PBXFileReference; lastKnownFileType = file; path = "Nunito-Black.ttf"; sourceTree = "<group>"; };
		6988E5AD2684C4520029B944 /* Nunito-ExtraLight.ttf */ = {isa = PBXFileReference; lastKnownFileType = file; path = "Nunito-ExtraLight.ttf"; sourceTree = "<group>"; };
		6988E5AE2684C4520029B944 /* Nunito-BlackItalic.ttf */ = {isa = PBXFileReference; lastKnownFileType = file; path = "Nunito-BlackItalic.ttf"; sourceTree = "<group>"; };
		6988E5AF2684C4520029B944 /* OFL.txt */ = {isa = PBXFileReference; fileEncoding = 4; lastKnownFileType = text; path = OFL.txt; sourceTree = "<group>"; };
		6988E5B02684C4520029B944 /* Nunito-Italic.ttf */ = {isa = PBXFileReference; lastKnownFileType = file; path = "Nunito-Italic.ttf"; sourceTree = "<group>"; };
		6988E5B12684C4520029B944 /* Nunito-LightItalic.ttf */ = {isa = PBXFileReference; lastKnownFileType = file; path = "Nunito-LightItalic.ttf"; sourceTree = "<group>"; };
		69A9EA332631E513003D37E2 /* eah.app */ = {isa = PBXFileReference; explicitFileType = wrapper.application; includeInIndex = 0; path = eah.app; sourceTree = BUILT_PRODUCTS_DIR; };
		69A9EA362631E513003D37E2 /* eahApp.swift */ = {isa = PBXFileReference; lastKnownFileType = sourcecode.swift; path = eahApp.swift; sourceTree = "<group>"; };
		69A9EA3A2631E517003D37E2 /* Assets.xcassets */ = {isa = PBXFileReference; lastKnownFileType = folder.assetcatalog; path = Assets.xcassets; sourceTree = "<group>"; };
		69A9EA3D2631E517003D37E2 /* Preview Assets.xcassets */ = {isa = PBXFileReference; lastKnownFileType = folder.assetcatalog; path = "Preview Assets.xcassets"; sourceTree = "<group>"; };
		69A9EA3F2631E517003D37E2 /* Info.plist */ = {isa = PBXFileReference; lastKnownFileType = text.plist.xml; path = Info.plist; sourceTree = "<group>"; };
		69A9EA462631E53A003D37E2 /* MainView.swift */ = {isa = PBXFileReference; lastKnownFileType = sourcecode.swift; path = MainView.swift; sourceTree = "<group>"; };
		69A9EA4A2631E551003D37E2 /* Helper.swift */ = {isa = PBXFileReference; lastKnownFileType = sourcecode.swift; path = Helper.swift; sourceTree = "<group>"; };
		69A9EA4F2631E59D003D37E2 /* Common.swift */ = {isa = PBXFileReference; lastKnownFileType = sourcecode.swift; path = Common.swift; sourceTree = "<group>"; };
		69A9EA542631E5C6003D37E2 /* Extensions.swift */ = {isa = PBXFileReference; lastKnownFileType = sourcecode.swift; path = Extensions.swift; sourceTree = "<group>"; };
		69A9EA5A2631E61D003D37E2 /* RecomendationRecipe.swift */ = {isa = PBXFileReference; lastKnownFileType = sourcecode.swift; path = RecomendationRecipe.swift; sourceTree = "<group>"; };
		69A9EA5E2631E632003D37E2 /* FirstScreen.swift */ = {isa = PBXFileReference; lastKnownFileType = sourcecode.swift; path = FirstScreen.swift; sourceTree = "<group>"; };
		69A9EA622631E660003D37E2 /* SecondScreen.swift */ = {isa = PBXFileReference; lastKnownFileType = sourcecode.swift; path = SecondScreen.swift; sourceTree = "<group>"; };
		69A9EA662631E66F003D37E2 /* ForMealPlannerBlock.swift */ = {isa = PBXFileReference; lastKnownFileType = sourcecode.swift; path = ForMealPlannerBlock.swift; sourceTree = "<group>"; };
		69A9EA692631E681003D37E2 /* ForMealPlannerFreeBlock.swift */ = {isa = PBXFileReference; lastKnownFileType = sourcecode.swift; path = ForMealPlannerFreeBlock.swift; sourceTree = "<group>"; };
		69A9EA6D2631E6AF003D37E2 /* MealView.swift */ = {isa = PBXFileReference; lastKnownFileType = sourcecode.swift; path = MealView.swift; sourceTree = "<group>"; };
		69A9EA712631E6D1003D37E2 /* IngridientView.swift */ = {isa = PBXFileReference; lastKnownFileType = sourcecode.swift; path = IngridientView.swift; sourceTree = "<group>"; };
		69A9EA742631E771003D37E2 /* Popular.swift */ = {isa = PBXFileReference; lastKnownFileType = sourcecode.swift; path = Popular.swift; sourceTree = "<group>"; };
		69A9EA7A2631E7AC003D37E2 /* MealPlanner.swift */ = {isa = PBXFileReference; lastKnownFileType = sourcecode.swift; path = MealPlanner.swift; sourceTree = "<group>"; };
		69A9EA7E2631E7D3003D37E2 /* Star.swift */ = {isa = PBXFileReference; lastKnownFileType = sourcecode.swift; path = Star.swift; sourceTree = "<group>"; };
		69A9EA822631E838003D37E2 /* ContentViewModel.swift */ = {isa = PBXFileReference; lastKnownFileType = sourcecode.swift; path = ContentViewModel.swift; sourceTree = "<group>"; };
		69A9EA892631ECD1003D37E2 /* ListOfMeals1.swift */ = {isa = PBXFileReference; lastKnownFileType = sourcecode.swift; path = ListOfMeals1.swift; sourceTree = "<group>"; };
		69ADFBE62641A9D300D1AE0B /* CustomNavigationView.swift */ = {isa = PBXFileReference; lastKnownFileType = sourcecode.swift; path = CustomNavigationView.swift; sourceTree = "<group>"; };
		75034F0826921FC100782705 /* Manrope-Bold.ttf */ = {isa = PBXFileReference; lastKnownFileType = file; path = "Manrope-Bold.ttf"; sourceTree = "<group>"; };
		75034F0A26921FCB00782705 /* Manrope-Regular.ttf */ = {isa = PBXFileReference; lastKnownFileType = file; path = "Manrope-Regular.ttf"; sourceTree = "<group>"; };
		75034F0C26921FE100782705 /* Manrope-Bold.ttf */ = {isa = PBXFileReference; lastKnownFileType = file; path = "Manrope-Bold.ttf"; sourceTree = "<group>"; };
		75034F0E26921FF100782705 /* FiraSansCondensed-Regular.ttf */ = {isa = PBXFileReference; lastKnownFileType = file; path = "FiraSansCondensed-Regular.ttf"; sourceTree = "<group>"; };
		75034F102692200000782705 /* FiraSansCondensed-Bold.ttf */ = {isa = PBXFileReference; lastKnownFileType = file; path = "FiraSansCondensed-Bold.ttf"; sourceTree = "<group>"; };
		75BFF1B626935765006C4EAB /* menu1.json */ = {isa = PBXFileReference; fileEncoding = 4; lastKnownFileType = text.json; path = menu1.json; sourceTree = "<group>"; };
		75BFF1B8269365E5006C4EAB /* MealAPI.swift */ = {isa = PBXFileReference; lastKnownFileType = sourcecode.swift; path = MealAPI.swift; sourceTree = "<group>"; };
/* End PBXFileReference section */

/* Begin PBXFrameworksBuildPhase section */
		69A9EA302631E513003D37E2 /* Frameworks */ = {
			isa = PBXFrameworksBuildPhase;
			buildActionMask = 2147483647;
			files = (
			);
			runOnlyForDeploymentPostprocessing = 0;
		};
/* End PBXFrameworksBuildPhase section */

/* Begin PBXGroup section */
		691B8B1626342F4700415B05 /* ThirdScreen */ = {
			isa = PBXGroup;
			children = (
				691B8B1726342F8500415B05 /* ThirdScreen.swift */,
			);
			path = ThirdScreen;
			sourceTree = "<group>";
		};
		69511B6B2638932F00FD2E68 /* Fourth screen */ = {
			isa = PBXGroup;
			children = (
				69511B6C2638934700FD2E68 /* FourthScreen.swift */,
			);
			path = "Fourth screen";
			sourceTree = "<group>";
		};
		69511B702638978600FD2E68 /* Fifth screen */ = {
			isa = PBXGroup;
			children = (
				69511B71263897A000FD2E68 /* FifthScreen.swift */,
			);
			path = "Fifth screen";
			sourceTree = "<group>";
		};
		6988E5A42684C4520029B944 /* Nunito */ = {
			isa = PBXGroup;
			children = (
				6988E5A52684C4520029B944 /* Nunito-ExtraBoldItalic.ttf */,
				6988E5A62684C4520029B944 /* Nunito-ExtraBold.ttf */,
				6988E5A72684C4520029B944 /* Nunito-ExtraLightItalic.ttf */,
				6988E5A82684C4520029B944 /* Nunito-Light.ttf */,
				6988E5AB2684C4520029B944 /* Nunito-BoldItalic.ttf */,
				6988E5AC2684C4520029B944 /* Nunito-Black.ttf */,
				6988E5AD2684C4520029B944 /* Nunito-ExtraLight.ttf */,
				6988E5AE2684C4520029B944 /* Nunito-BlackItalic.ttf */,
				6988E5AF2684C4520029B944 /* OFL.txt */,
				6988E5B02684C4520029B944 /* Nunito-Italic.ttf */,
				6988E5B12684C4520029B944 /* Nunito-LightItalic.ttf */,
			);
			path = Nunito;
			sourceTree = "<group>";
		};
		69A9EA2A2631E513003D37E2 = {
			isa = PBXGroup;
			children = (
				69A9EA352631E513003D37E2 /* eah */,
				69A9EA342631E513003D37E2 /* Products */,
			);
			sourceTree = "<group>";
		};
		69A9EA342631E513003D37E2 /* Products */ = {
			isa = PBXGroup;
			children = (
				69A9EA332631E513003D37E2 /* eah.app */,
			);
			name = Products;
			sourceTree = "<group>";
		};
		69A9EA352631E513003D37E2 /* eah */ = {
			isa = PBXGroup;
			children = (
				69A9EA362631E513003D37E2 /* eahApp.swift */,
				69A9EA462631E53A003D37E2 /* MainView.swift */,
				69A9EA4E2631E58A003D37E2 /* Models */,
				69A9EA582631E5D2003D37E2 /* Views */,
				69A9EA532631E5AC003D37E2 /* Services */,
				69A9EA812631E80C003D37E2 /* ModelViews */,
				69A9EA3A2631E517003D37E2 /* Assets.xcassets */,
				75034F0A26921FCB00782705 /* Manrope-Regular.ttf */,
				75034F0C26921FE100782705 /* Manrope-Bold.ttf */,
				75034F0E26921FF100782705 /* FiraSansCondensed-Regular.ttf */,
				75034F102692200000782705 /* FiraSansCondensed-Bold.ttf */,
				6988E5A22684C3D60029B944 /* Storyboard.storyboard */,
				6988E5A42684C4520029B944 /* Nunito */,
				69050BD42668E64A00A2D268 /* menu.json */,
				75BFF1B626935765006C4EAB /* menu1.json */,
				69A9EA3F2631E517003D37E2 /* Info.plist */,
				69A9EA3C2631E517003D37E2 /* Preview Content */,
			);
			path = eah;
			sourceTree = "<group>";
		};
		69A9EA3C2631E517003D37E2 /* Preview Content */ = {
			isa = PBXGroup;
			children = (
				69A9EA3D2631E517003D37E2 /* Preview Assets.xcassets */,
			);
			path = "Preview Content";
			sourceTree = "<group>";
		};
		69A9EA4E2631E58A003D37E2 /* Models */ = {
			isa = PBXGroup;
			children = (
				69A9EA4F2631E59D003D37E2 /* Common.swift */,
			);
			path = Models;
			sourceTree = "<group>";
		};
		69A9EA532631E5AC003D37E2 /* Services */ = {
			isa = PBXGroup;
			children = (
				69A9EA4A2631E551003D37E2 /* Helper.swift */,
				69A9EA542631E5C6003D37E2 /* Extensions.swift */,
				75BFF1B8269365E5006C4EAB /* MealAPI.swift */,
			);
			path = Services;
			sourceTree = "<group>";
		};
		69A9EA582631E5D2003D37E2 /* Views */ = {
			isa = PBXGroup;
			children = (
				69A9EA592631E5E3003D37E2 /* FirstScreen */,
				69A9EA612631E646003D37E2 /* SecondScreen */,
				691B8B1626342F4700415B05 /* ThirdScreen */,
				69511B6B2638932F00FD2E68 /* Fourth screen */,
				69511B702638978600FD2E68 /* Fifth screen */,
				69A9EA6C2631E690003D37E2 /* MealScreen */,
				69A9EA892631ECD1003D37E2 /* ListOfMeals1.swift */,
				69A9EA7E2631E7D3003D37E2 /* Star.swift */,
				69511B6826386C9300FD2E68 /* NavigationBarView.swift */,
				69ADFBE62641A9D300D1AE0B /* CustomNavigationView.swift */,
			);
			path = Views;
			sourceTree = "<group>";
		};
		69A9EA592631E5E3003D37E2 /* FirstScreen */ = {
			isa = PBXGroup;
			children = (
				69A9EA5E2631E632003D37E2 /* FirstScreen.swift */,
				69A9EA5A2631E61D003D37E2 /* RecomendationRecipe.swift */,
				69A9EA742631E771003D37E2 /* Popular.swift */,
				69A9EA7A2631E7AC003D37E2 /* MealPlanner.swift */,
			);
			path = FirstScreen;
			sourceTree = "<group>";
		};
		69A9EA612631E646003D37E2 /* SecondScreen */ = {
			isa = PBXGroup;
			children = (
				69A9EA622631E660003D37E2 /* SecondScreen.swift */,
				69A9EA662631E66F003D37E2 /* ForMealPlannerBlock.swift */,
				69A9EA692631E681003D37E2 /* ForMealPlannerFreeBlock.swift */,
			);
			path = SecondScreen;
			sourceTree = "<group>";
		};
		69A9EA6C2631E690003D37E2 /* MealScreen */ = {
			isa = PBXGroup;
			children = (
				69A9EA6D2631E6AF003D37E2 /* MealView.swift */,
				69A9EA712631E6D1003D37E2 /* IngridientView.swift */,
			);
			path = MealScreen;
			sourceTree = "<group>";
		};
		69A9EA812631E80C003D37E2 /* ModelViews */ = {
			isa = PBXGroup;
			children = (
				75034F0826921FC100782705 /* Manrope-Bold.ttf */,
				69A9EA822631E838003D37E2 /* ContentViewModel.swift */,
			);
			path = ModelViews;
			sourceTree = "<group>";
		};
/* End PBXGroup section */

/* Begin PBXNativeTarget section */
		69A9EA322631E513003D37E2 /* eah */ = {
			isa = PBXNativeTarget;
			buildConfigurationList = 69A9EA422631E517003D37E2 /* Build configuration list for PBXNativeTarget "eah" */;
			buildPhases = (
				69A9EA2F2631E513003D37E2 /* Sources */,
				69A9EA302631E513003D37E2 /* Frameworks */,
				69A9EA312631E513003D37E2 /* Resources */,
			);
			buildRules = (
			);
			dependencies = (
			);
			name = eah;
			packageProductDependencies = (
			);
			productName = eah;
			productReference = 69A9EA332631E513003D37E2 /* eah.app */;
			productType = "com.apple.product-type.application";
		};
/* End PBXNativeTarget section */

/* Begin PBXProject section */
		69A9EA2B2631E513003D37E2 /* Project object */ = {
			isa = PBXProject;
			attributes = {
				LastSwiftUpdateCheck = 1240;
				LastUpgradeCheck = 1240;
				TargetAttributes = {
					69A9EA322631E513003D37E2 = {
						CreatedOnToolsVersion = 12.4;
					};
				};
			};
			buildConfigurationList = 69A9EA2E2631E513003D37E2 /* Build configuration list for PBXProject "eah" */;
			compatibilityVersion = "Xcode 9.3";
			developmentRegion = en;
			hasScannedForEncodings = 0;
			knownRegions = (
				en,
				Base,
			);
			mainGroup = 69A9EA2A2631E513003D37E2;
			packageReferences = (
			);
			productRefGroup = 69A9EA342631E513003D37E2 /* Products */;
			projectDirPath = "";
			projectRoot = "";
			targets = (
				69A9EA322631E513003D37E2 /* eah */,
			);
		};
/* End PBXProject section */

/* Begin PBXResourcesBuildPhase section */
		69A9EA312631E513003D37E2 /* Resources */ = {
			isa = PBXResourcesBuildPhase;
			buildActionMask = 2147483647;
			files = (
				75BFF1B726935765006C4EAB /* menu1.json in Resources */,
				6988E5BC2684C4520029B944 /* OFL.txt in Resources */,
				6988E5B42684C4520029B944 /* Nunito-ExtraLightItalic.ttf in Resources */,
				69050BD52668E64A00A2D268 /* menu.json in Resources */,
				6988E5BE2684C4520029B944 /* Nunito-LightItalic.ttf in Resources */,
				6988E5B22684C4520029B944 /* Nunito-ExtraBoldItalic.ttf in Resources */,
				6988E5B82684C4520029B944 /* Nunito-BoldItalic.ttf in Resources */,
				69A9EA3E2631E517003D37E2 /* Preview Assets.xcassets in Resources */,
				6988E5B32684C4520029B944 /* Nunito-ExtraBold.ttf in Resources */,
				69A9EA3B2631E517003D37E2 /* Assets.xcassets in Resources */,
				6988E5BB2684C4520029B944 /* Nunito-BlackItalic.ttf in Resources */,
				6988E5B52684C4520029B944 /* Nunito-Light.ttf in Resources */,
				6988E5A32684C3D60029B944 /* Storyboard.storyboard in Resources */,
				6988E5BD2684C4520029B944 /* Nunito-Italic.ttf in Resources */,
				75034F112692200000782705 /* FiraSansCondensed-Bold.ttf in Resources */,
				6988E5B92684C4520029B944 /* Nunito-Black.ttf in Resources */,
				6988E5BA2684C4520029B944 /* Nunito-ExtraLight.ttf in Resources */,
				75034F0D26921FE100782705 /* Manrope-Bold.ttf in Resources */,
				75034F0F26921FF100782705 /* FiraSansCondensed-Regular.ttf in Resources */,
				75034F0B26921FCB00782705 /* Manrope-Regular.ttf in Resources */,
			);
			runOnlyForDeploymentPostprocessing = 0;
		};
/* End PBXResourcesBuildPhase section */

/* Begin PBXSourcesBuildPhase section */
		69A9EA2F2631E513003D37E2 /* Sources */ = {
			isa = PBXSourcesBuildPhase;
			buildActionMask = 2147483647;
			files = (
				69A9EA5F2631E632003D37E2 /* FirstScreen.swift in Sources */,
				69A9EA632631E660003D37E2 /* SecondScreen.swift in Sources */,
				69A9EA552631E5C6003D37E2 /* Extensions.swift in Sources */,
				69A9EA832631E838003D37E2 /* ContentViewModel.swift in Sources */,
				69A9EA672631E66F003D37E2 /* ForMealPlannerBlock.swift in Sources */,
				69511B6D2638934700FD2E68 /* FourthScreen.swift in Sources */,
				69A9EA8A2631ECD1003D37E2 /* ListOfMeals1.swift in Sources */,
				69511B72263897A000FD2E68 /* FifthScreen.swift in Sources */,
				69A9EA752631E771003D37E2 /* Popular.swift in Sources */,
				69A9EA502631E59D003D37E2 /* Common.swift in Sources */,
				69A9EA6A2631E681003D37E2 /* ForMealPlannerFreeBlock.swift in Sources */,
				69A9EA5B2631E61D003D37E2 /* RecomendationRecipe.swift in Sources */,
				69A9EA722631E6D1003D37E2 /* IngridientView.swift in Sources */,
				69A9EA6E2631E6AF003D37E2 /* MealView.swift in Sources */,
				69A9EA472631E53A003D37E2 /* MainView.swift in Sources */,
				69511B6926386C9300FD2E68 /* NavigationBarView.swift in Sources */,
				75BFF1B9269365E5006C4EAB /* MealAPI.swift in Sources */,
				691B8B1826342F8500415B05 /* ThirdScreen.swift in Sources */,
				69A9EA7B2631E7AC003D37E2 /* MealPlanner.swift in Sources */,
				69A9EA372631E513003D37E2 /* eahApp.swift in Sources */,
				69ADFBE72641A9D300D1AE0B /* CustomNavigationView.swift in Sources */,
				69A9EA4B2631E551003D37E2 /* Helper.swift in Sources */,
				69A9EA7F2631E7D3003D37E2 /* Star.swift in Sources */,
			);
			runOnlyForDeploymentPostprocessing = 0;
		};
/* End PBXSourcesBuildPhase section */

/* Begin XCBuildConfiguration section */
		69A9EA402631E517003D37E2 /* Debug */ = {
			isa = XCBuildConfiguration;
			buildSettings = {
				ALWAYS_SEARCH_USER_PATHS = NO;
				CLANG_ANALYZER_NONNULL = YES;
				CLANG_ANALYZER_NUMBER_OBJECT_CONVERSION = YES_AGGRESSIVE;
				CLANG_CXX_LANGUAGE_STANDARD = "gnu++14";
				CLANG_CXX_LIBRARY = "libc++";
				CLANG_ENABLE_MODULES = YES;
				CLANG_ENABLE_OBJC_ARC = YES;
				CLANG_ENABLE_OBJC_WEAK = YES;
				CLANG_WARN_BLOCK_CAPTURE_AUTORELEASING = YES;
				CLANG_WARN_BOOL_CONVERSION = YES;
				CLANG_WARN_COMMA = YES;
				CLANG_WARN_CONSTANT_CONVERSION = YES;
				CLANG_WARN_DEPRECATED_OBJC_IMPLEMENTATIONS = YES;
				CLANG_WARN_DIRECT_OBJC_ISA_USAGE = YES_ERROR;
				CLANG_WARN_DOCUMENTATION_COMMENTS = YES;
				CLANG_WARN_EMPTY_BODY = YES;
				CLANG_WARN_ENUM_CONVERSION = YES;
				CLANG_WARN_INFINITE_RECURSION = YES;
				CLANG_WARN_INT_CONVERSION = YES;
				CLANG_WARN_NON_LITERAL_NULL_CONVERSION = YES;
				CLANG_WARN_OBJC_IMPLICIT_RETAIN_SELF = YES;
				CLANG_WARN_OBJC_LITERAL_CONVERSION = YES;
				CLANG_WARN_OBJC_ROOT_CLASS = YES_ERROR;
				CLANG_WARN_QUOTED_INCLUDE_IN_FRAMEWORK_HEADER = YES;
				CLANG_WARN_RANGE_LOOP_ANALYSIS = YES;
				CLANG_WARN_STRICT_PROTOTYPES = YES;
				CLANG_WARN_SUSPICIOUS_MOVE = YES;
				CLANG_WARN_UNGUARDED_AVAILABILITY = YES_AGGRESSIVE;
				CLANG_WARN_UNREACHABLE_CODE = YES;
				CLANG_WARN__DUPLICATE_METHOD_MATCH = YES;
				COPY_PHASE_STRIP = NO;
				DEBUG_INFORMATION_FORMAT = dwarf;
				ENABLE_STRICT_OBJC_MSGSEND = YES;
				ENABLE_TESTABILITY = YES;
				GCC_C_LANGUAGE_STANDARD = gnu11;
				GCC_DYNAMIC_NO_PIC = NO;
				GCC_NO_COMMON_BLOCKS = YES;
				GCC_OPTIMIZATION_LEVEL = 0;
				GCC_PREPROCESSOR_DEFINITIONS = (
					"DEBUG=1",
					"$(inherited)",
				);
				GCC_WARN_64_TO_32_BIT_CONVERSION = YES;
				GCC_WARN_ABOUT_RETURN_TYPE = YES_ERROR;
				GCC_WARN_UNDECLARED_SELECTOR = YES;
				GCC_WARN_UNINITIALIZED_AUTOS = YES_AGGRESSIVE;
				GCC_WARN_UNUSED_FUNCTION = YES;
				GCC_WARN_UNUSED_VARIABLE = YES;
				IPHONEOS_DEPLOYMENT_TARGET = 14.4;
				MTL_ENABLE_DEBUG_INFO = INCLUDE_SOURCE;
				MTL_FAST_MATH = YES;
				ONLY_ACTIVE_ARCH = YES;
				SDKROOT = iphoneos;
				SWIFT_ACTIVE_COMPILATION_CONDITIONS = DEBUG;
				SWIFT_OPTIMIZATION_LEVEL = "-Onone";
			};
			name = Debug;
		};
		69A9EA412631E517003D37E2 /* Release */ = {
			isa = XCBuildConfiguration;
			buildSettings = {
				ALWAYS_SEARCH_USER_PATHS = NO;
				CLANG_ANALYZER_NONNULL = YES;
				CLANG_ANALYZER_NUMBER_OBJECT_CONVERSION = YES_AGGRESSIVE;
				CLANG_CXX_LANGUAGE_STANDARD = "gnu++14";
				CLANG_CXX_LIBRARY = "libc++";
				CLANG_ENABLE_MODULES = YES;
				CLANG_ENABLE_OBJC_ARC = YES;
				CLANG_ENABLE_OBJC_WEAK = YES;
				CLANG_WARN_BLOCK_CAPTURE_AUTORELEASING = YES;
				CLANG_WARN_BOOL_CONVERSION = YES;
				CLANG_WARN_COMMA = YES;
				CLANG_WARN_CONSTANT_CONVERSION = YES;
				CLANG_WARN_DEPRECATED_OBJC_IMPLEMENTATIONS = YES;
				CLANG_WARN_DIRECT_OBJC_ISA_USAGE = YES_ERROR;
				CLANG_WARN_DOCUMENTATION_COMMENTS = YES;
				CLANG_WARN_EMPTY_BODY = YES;
				CLANG_WARN_ENUM_CONVERSION = YES;
				CLANG_WARN_INFINITE_RECURSION = YES;
				CLANG_WARN_INT_CONVERSION = YES;
				CLANG_WARN_NON_LITERAL_NULL_CONVERSION = YES;
				CLANG_WARN_OBJC_IMPLICIT_RETAIN_SELF = YES;
				CLANG_WARN_OBJC_LITERAL_CONVERSION = YES;
				CLANG_WARN_OBJC_ROOT_CLASS = YES_ERROR;
				CLANG_WARN_QUOTED_INCLUDE_IN_FRAMEWORK_HEADER = YES;
				CLANG_WARN_RANGE_LOOP_ANALYSIS = YES;
				CLANG_WARN_STRICT_PROTOTYPES = YES;
				CLANG_WARN_SUSPICIOUS_MOVE = YES;
				CLANG_WARN_UNGUARDED_AVAILABILITY = YES_AGGRESSIVE;
				CLANG_WARN_UNREACHABLE_CODE = YES;
				CLANG_WARN__DUPLICATE_METHOD_MATCH = YES;
				COPY_PHASE_STRIP = NO;
				DEBUG_INFORMATION_FORMAT = "dwarf-with-dsym";
				ENABLE_NS_ASSERTIONS = NO;
				ENABLE_STRICT_OBJC_MSGSEND = YES;
				GCC_C_LANGUAGE_STANDARD = gnu11;
				GCC_NO_COMMON_BLOCKS = YES;
				GCC_WARN_64_TO_32_BIT_CONVERSION = YES;
				GCC_WARN_ABOUT_RETURN_TYPE = YES_ERROR;
				GCC_WARN_UNDECLARED_SELECTOR = YES;
				GCC_WARN_UNINITIALIZED_AUTOS = YES_AGGRESSIVE;
				GCC_WARN_UNUSED_FUNCTION = YES;
				GCC_WARN_UNUSED_VARIABLE = YES;
				IPHONEOS_DEPLOYMENT_TARGET = 14.4;
				MTL_ENABLE_DEBUG_INFO = NO;
				MTL_FAST_MATH = YES;
				SDKROOT = iphoneos;
				SWIFT_COMPILATION_MODE = wholemodule;
				SWIFT_OPTIMIZATION_LEVEL = "-O";
				VALIDATE_PRODUCT = YES;
			};
			name = Release;
		};
		69A9EA432631E517003D37E2 /* Debug */ = {
			isa = XCBuildConfiguration;
			buildSettings = {
				ASSETCATALOG_COMPILER_APPICON_NAME = AppIcon;
				ASSETCATALOG_COMPILER_GLOBAL_ACCENT_COLOR_NAME = AccentColor;
				CODE_SIGN_STYLE = Automatic;
				DEVELOPMENT_ASSET_PATHS = "\"eah/Preview Content\"";
				DEVELOPMENT_TEAM = 43DAR95BYV;
				ENABLE_PREVIEWS = YES;
				INFOPLIST_FILE = eah/Info.plist;
				IPHONEOS_DEPLOYMENT_TARGET = 14.0;
				LD_RUNPATH_SEARCH_PATHS = (
					"$(inherited)",
					"@executable_path/Frameworks",
				);
				PRODUCT_BUNDLE_IDENTIFIER = etf.eah;
				PRODUCT_NAME = "$(TARGET_NAME)";
				SWIFT_VERSION = 5.0;
				TARGETED_DEVICE_FAMILY = "1,2";
			};
			name = Debug;
		};
		69A9EA442631E517003D37E2 /* Release */ = {
			isa = XCBuildConfiguration;
			buildSettings = {
				ASSETCATALOG_COMPILER_APPICON_NAME = AppIcon;
				ASSETCATALOG_COMPILER_GLOBAL_ACCENT_COLOR_NAME = AccentColor;
				CODE_SIGN_STYLE = Automatic;
				DEVELOPMENT_ASSET_PATHS = "\"eah/Preview Content\"";
				DEVELOPMENT_TEAM = 43DAR95BYV;
				ENABLE_PREVIEWS = YES;
				INFOPLIST_FILE = eah/Info.plist;
				IPHONEOS_DEPLOYMENT_TARGET = 14.0;
				LD_RUNPATH_SEARCH_PATHS = (
					"$(inherited)",
					"@executable_path/Frameworks",
				);
				PRODUCT_BUNDLE_IDENTIFIER = fdsdds.eah;
				PRODUCT_NAME = "$(TARGET_NAME)";
				SWIFT_VERSION = 5.0;
				TARGETED_DEVICE_FAMILY = "1,2";
			};
			name = Release;
		};
/* End XCBuildConfiguration section */

/* Begin XCConfigurationList section */
		69A9EA2E2631E513003D37E2 /* Build configuration list for PBXProject "eah" */ = {
			isa = XCConfigurationList;
			buildConfigurations = (
				69A9EA402631E517003D37E2 /* Debug */,
				69A9EA412631E517003D37E2 /* Release */,
			);
			defaultConfigurationIsVisible = 0;
			defaultConfigurationName = Release;
		};
		69A9EA422631E517003D37E2 /* Build configuration list for PBXNativeTarget "eah" */ = {
			isa = XCConfigurationList;
			buildConfigurations = (
				69A9EA432631E517003D37E2 /* Debug */,
				69A9EA442631E517003D37E2 /* Release */,
			);
			defaultConfigurationIsVisible = 0;
			defaultConfigurationName = Release;
		};
/* End XCConfigurationList section */
	};
	rootObject = 69A9EA2B2631E513003D37E2 /* Project object */;
}
